{"1.1.0",
[{<<"goldrush">>,{pkg,<<"goldrush">>,<<"0.1.9">>},1},
 {<<"jiffy">>,
  {git,"git@github.com:davisp/jiffy.git",
       {ref,"031f9dbbf6c31b83585569cd290504f006540a77"}},
  1},
 {<<"lager">>,{pkg,<<"lager">>,<<"3.6.1">>},0},
 {<<"lager_logstash_backend">>,
  {git,"https://github.com/lambdaclass/lager_logstash_backend",
       {ref,"7031f1fa3b09391cda341501787784d7a57db532"}},
  0}]}.
[
{pkg_hash,[
 {<<"goldrush">>, <<"F06E5D5F1277DA5C413E84D5A2924174182FB108DABB39D5EC548B27424CD106">>},
 {<<"lager">>, <<"9D29C5FF7F926D25ECD9899990867C9152DCF34EEE65BAC8EC0DFC0D16A26E0C">>}]}
].
